
Microsoft Visual Studio Solution File, Format Version 12.00
# Visual Studio Version 17
VisualStudioVersion = 17.8.34309.116
MinimumVisualStudioVersion = 10.0.40219.1
Project("{FAE04EC0-301F-11D3-BF4B-00C04F79EFBC}") = "EntityFrameworkCore8Trial", "EntityFrameworkCore8Trial\EntityFrameworkCore8Trial.csproj", "{C5212DCF-C1B1-45AD-8DA1-8E17CA46F110}"
EndProject
Global
	GlobalSection(SolutionConfigurationPlatforms) = preSolution
		Debug|Any CPU = Debug|Any CPU
		Release|Any CPU = Release|Any CPU
	EndGlobalSection
	GlobalSection(ProjectConfigurationPlatforms) = postSolution
		{C5212DCF-C1B1-45AD-8DA1-8E17CA46F110}.Debug|Any CPU.ActiveCfg = Debug|Any CPU
		{C5212DCF-C1B1-45AD-8DA1-8E17CA46F110}.Debug|Any CPU.Build.0 = Debug|Any CPU
		{C5212DCF-C1B1-45AD-8DA1-8E17CA46F110}.Release|Any CPU.ActiveCfg = Release|Any CPU
		{C5212DCF-C1B1-45AD-8DA1-8E17CA46F110}.Release|Any CPU.Build.0 = Release|Any CPU
	EndGlobalSection
	GlobalSection(SolutionProperties) = preSolution
		HideSolutionNode = FALSE
	EndGlobalSection
	GlobalSection(ExtensibilityGlobals) = postSolution
		SolutionGuid = {7A317631-DA30-4327-A86C-01B473D71773}
	EndGlobalSection
EndGlobal
